
Microsoft Visual Studio Solution File, Format Version 12.00
# Visual Studio 14
VisualStudioVersion = 14.0.25420.1
MinimumVisualStudioVersion = 10.0.40219.1
Project("{FAE04EC0-301F-11D3-BF4B-00C04F79EFBC}") = "QLSACH", "QLSACH\QLSACH.csproj", "{513AD793-5CAD-4109-9561-553D5427ECC7}"
EndProject
Project("{FAE04EC0-301F-11D3-BF4B-00C04F79EFBC}") = "Models", "Models\Models.csproj", "{13648887-9714-4C01-9BAC-5A21C808EE70}"
EndProject
Project("{FAE04EC0-301F-11D3-BF4B-00C04F79EFBC}") = "QLSACH-WinForm", "QLSACH-WinForm\QLSACH-WinForm.csproj", "{30703F8F-90F3-4027-9886-8ED071457853}"
EndProject
Global
	GlobalSection(SolutionConfigurationPlatforms) = preSolution
		Debug|Any CPU = Debug|Any CPU
		Release|Any CPU = Release|Any CPU
	EndGlobalSection
	GlobalSection(ProjectConfigurationPlatforms) = postSolution
		{513AD793-5CAD-4109-9561-553D5427ECC7}.Debug|Any CPU.ActiveCfg = Debug|Any CPU
		{513AD793-5CAD-4109-9561-553D5427ECC7}.Debug|Any CPU.Build.0 = Debug|Any CPU
		{513AD793-5CAD-4109-9561-553D5427ECC7}.Release|Any CPU.ActiveCfg = Release|Any CPU
		{513AD793-5CAD-4109-9561-553D5427ECC7}.Release|Any CPU.Build.0 = Release|Any CPU
		{13648887-9714-4C01-9BAC-5A21C808EE70}.Debug|Any CPU.ActiveCfg = Debug|Any CPU
		{13648887-9714-4C01-9BAC-5A21C808EE70}.Debug|Any CPU.Build.0 = Debug|Any CPU
		{13648887-9714-4C01-9BAC-5A21C808EE70}.Release|Any CPU.ActiveCfg = Release|Any CPU
		{13648887-9714-4C01-9BAC-5A21C808EE70}.Release|Any CPU.Build.0 = Release|Any CPU
		{30703F8F-90F3-4027-9886-8ED071457853}.Debug|Any CPU.ActiveCfg = Debug|Any CPU
		{30703F8F-90F3-4027-9886-8ED071457853}.Debug|Any CPU.Build.0 = Debug|Any CPU
		{30703F8F-90F3-4027-9886-8ED071457853}.Release|Any CPU.ActiveCfg = Release|Any CPU
		{30703F8F-90F3-4027-9886-8ED071457853}.Release|Any CPU.Build.0 = Release|Any CPU
	EndGlobalSection
	GlobalSection(SolutionProperties) = preSolution
		HideSolutionNode = FALSE
	EndGlobalSection
EndGlobal
